
Microsoft Visual Studio Solution File, Format Version 12.00
# Visual Studio Version 16
VisualStudioVersion = 16.0.30204.135
MinimumVisualStudioVersion = 10.0.40219.1
Project("{FAE04EC0-301F-11D3-BF4B-00C04F79EFBC}") = "PSProject", "PSProject\PSProject.csproj", "{44A695F5-D38E-495E-8F81-3CD39E03CE87}"
EndProject
Global
	GlobalSection(SolutionConfigurationPlatforms) = preSolution
		Debug|Any CPU = Debug|Any CPU
		Release|Any CPU = Release|Any CPU
	EndGlobalSection
	GlobalSection(ProjectConfigurationPlatforms) = postSolution
		{44A695F5-D38E-495E-8F81-3CD39E03CE87}.Debug|Any CPU.ActiveCfg = Debug|Any CPU
		{44A695F5-D38E-495E-8F81-3CD39E03CE87}.Debug|Any CPU.Build.0 = Debug|Any CPU
		{44A695F5-D38E-495E-8F81-3CD39E03CE87}.Release|Any CPU.ActiveCfg = Release|Any CPU
		{44A695F5-D38E-495E-8F81-3CD39E03CE87}.Release|Any CPU.Build.0 = Release|Any CPU
	EndGlobalSection
	GlobalSection(SolutionProperties) = preSolution
		HideSolutionNode = FALSE
	EndGlobalSection
	GlobalSection(ExtensibilityGlobals) = postSolution
		SolutionGuid = {5B91DF31-4170-457D-9AFB-AC03B871DF16}
	EndGlobalSection
EndGlobal
